lockfileVersion: '9.0'

settings:
  autoInstallPeers: true
  excludeLinksFromLockfile: false

importers:

  .:
    dependencies:
      meow:
        specifier: ^13.2.0
        version: 13.2.0
      p-limit:
        specifier: ^6.1.0
        version: 6.1.0
      playwright:
        specifier: 1.47.0
        version: 1.47.0
      toml:
        specifier: ^3.0.0
        version: 3.0.0
      tsx:
        specifier: ^4.19.0
        version: 4.19.1
    devDependencies:
      '@types/node':
        specifier: ^22.5.4
        version: 22.7.6

packages:

  '@esbuild/aix-ppc64@0.23.1':
    resolution: {integrity: sha512-6VhYk1diRqrhBAqpJEdjASR/+WVRtfjpqKuNw11cLiaWpAT/Uu+nokB+UJnevzy/P9C/ty6AOe0dwueMrGh/iQ==}
    engines: {node: '>=18'}
    cpu: [ppc64]
    os: [aix]

  '@esbuild/android-arm64@0.23.1':
    resolution: {integrity: sha512-xw50ipykXcLstLeWH7WRdQuysJqejuAGPd30vd1i5zSyKK3WE+ijzHmLKxdiCMtH1pHz78rOg0BKSYOSB/2Khw==}
    engines: {node: '>=18'}
    cpu: [arm64]
    os: [android]

  '@esbuild/android-arm@0.23.1':
    resolution: {integrity: sha512-uz6/tEy2IFm9RYOyvKl88zdzZfwEfKZmnX9Cj1BHjeSGNuGLuMD1kR8y5bteYmwqKm1tj8m4cb/aKEorr6fHWQ==}
    engines: {node: '>=18'}
    cpu: [arm]
    os: [android]

  '@esbuild/android-x64@0.23.1':
    resolution: {integrity: sha512-nlN9B69St9BwUoB+jkyU090bru8L0NA3yFvAd7k8dNsVH8bi9a8cUAUSEcEEgTp2z3dbEDGJGfP6VUnkQnlReg==}
    engines: {node: '>=18'}
    cpu: [x64]
    os: [android]

  '@esbuild/darwin-arm64@0.23.1':
    resolution: {integrity: sha512-YsS2e3Wtgnw7Wq53XXBLcV6JhRsEq8hkfg91ESVadIrzr9wO6jJDMZnCQbHm1Guc5t/CdDiFSSfWP58FNuvT3Q==}
    engines: {node: '>=18'}
    cpu: [arm64]
    os: [darwin]

  '@esbuild/darwin-x64@0.23.1':
    resolution: {integrity: sha512-aClqdgTDVPSEGgoCS8QDG37Gu8yc9lTHNAQlsztQ6ENetKEO//b8y31MMu2ZaPbn4kVsIABzVLXYLhCGekGDqw==}
    engines: {node: '>=18'}
    cpu: [x64]
    os: [darwin]

  '@esbuild/freebsd-arm64@0.23.1':
    resolution: {integrity: sha512-h1k6yS8/pN/NHlMl5+v4XPfikhJulk4G+tKGFIOwURBSFzE8bixw1ebjluLOjfwtLqY0kewfjLSrO6tN2MgIhA==}
    engines: {node: '>=18'}
    cpu: [arm64]
    os: [freebsd]

  '@esbuild/freebsd-x64@0.23.1':
    resolution: {integrity: sha512-lK1eJeyk1ZX8UklqFd/3A60UuZ/6UVfGT2LuGo3Wp4/z7eRTRYY+0xOu2kpClP+vMTi9wKOfXi2vjUpO1Ro76g==}
    engines: {node: '>=18'}
    cpu: [x64]
    os: [freebsd]

  '@esbuild/linux-arm64@0.23.1':
    resolution: {integrity: sha512-/93bf2yxencYDnItMYV/v116zff6UyTjo4EtEQjUBeGiVpMmffDNUyD9UN2zV+V3LRV3/on4xdZ26NKzn6754g==}
    engines: {node: '>=18'}
    cpu: [arm64]
    os: [linux]

  '@esbuild/linux-arm@0.23.1':
    resolution: {integrity: sha512-CXXkzgn+dXAPs3WBwE+Kvnrf4WECwBdfjfeYHpMeVxWE0EceB6vhWGShs6wi0IYEqMSIzdOF1XjQ/Mkm5d7ZdQ==}
    engines: {node: '>=18'}
    cpu: [arm]
    os: [linux]

  '@esbuild/linux-ia32@0.23.1':
    resolution: {integrity: sha512-VTN4EuOHwXEkXzX5nTvVY4s7E/Krz7COC8xkftbbKRYAl96vPiUssGkeMELQMOnLOJ8k3BY1+ZY52tttZnHcXQ==}
    engines: {node: '>=18'}
    cpu: [ia32]
    os: [linux]

  '@esbuild/linux-loong64@0.23.1':
    resolution: {integrity: sha512-Vx09LzEoBa5zDnieH8LSMRToj7ir/Jeq0Gu6qJ/1GcBq9GkfoEAoXvLiW1U9J1qE/Y/Oyaq33w5p2ZWrNNHNEw==}
    engines: {node: '>=18'}
    cpu: [loong64]
    os: [linux]

  '@esbuild/linux-mips64el@0.23.1':
    resolution: {integrity: sha512-nrFzzMQ7W4WRLNUOU5dlWAqa6yVeI0P78WKGUo7lg2HShq/yx+UYkeNSE0SSfSure0SqgnsxPvmAUu/vu0E+3Q==}
    engines: {node: '>=18'}
    cpu: [mips64el]
    os: [linux]

  '@esbuild/linux-ppc64@0.23.1':
    resolution: {integrity: sha512-dKN8fgVqd0vUIjxuJI6P/9SSSe/mB9rvA98CSH2sJnlZ/OCZWO1DJvxj8jvKTfYUdGfcq2dDxoKaC6bHuTlgcw==}
    engines: {node: '>=18'}
    cpu: [ppc64]
    os: [linux]

  '@esbuild/linux-riscv64@0.23.1':
    resolution: {integrity: sha512-5AV4Pzp80fhHL83JM6LoA6pTQVWgB1HovMBsLQ9OZWLDqVY8MVobBXNSmAJi//Csh6tcY7e7Lny2Hg1tElMjIA==}
    engines: {node: '>=18'}
    cpu: [riscv64]
    os: [linux]

  '@esbuild/linux-s390x@0.23.1':
    resolution: {integrity: sha512-9ygs73tuFCe6f6m/Tb+9LtYxWR4c9yg7zjt2cYkjDbDpV/xVn+68cQxMXCjUpYwEkze2RcU/rMnfIXNRFmSoDw==}
    engines: {node: '>=18'}
    cpu: [s390x]
    os: [linux]

  '@esbuild/linux-x64@0.23.1':
    resolution: {integrity: sha512-EV6+ovTsEXCPAp58g2dD68LxoP/wK5pRvgy0J/HxPGB009omFPv3Yet0HiaqvrIrgPTBuC6wCH1LTOY91EO5hQ==}
    engines: {node: '>=18'}
    cpu: [x64]
    os: [linux]

  '@esbuild/netbsd-x64@0.23.1':
    resolution: {integrity: sha512-aevEkCNu7KlPRpYLjwmdcuNz6bDFiE7Z8XC4CPqExjTvrHugh28QzUXVOZtiYghciKUacNktqxdpymplil1beA==}
    engines: {node: '>=18'}
    cpu: [x64]
    os: [netbsd]

  '@esbuild/openbsd-arm64@0.23.1':
    resolution: {integrity: sha512-3x37szhLexNA4bXhLrCC/LImN/YtWis6WXr1VESlfVtVeoFJBRINPJ3f0a/6LV8zpikqoUg4hyXw0sFBt5Cr+Q==}
    engines: {node: '>=18'}
    cpu: [arm64]
    os: [openbsd]

  '@esbuild/openbsd-x64@0.23.1':
    resolution: {integrity: sha512-aY2gMmKmPhxfU+0EdnN+XNtGbjfQgwZj43k8G3fyrDM/UdZww6xrWxmDkuz2eCZchqVeABjV5BpildOrUbBTqA==}
    engines: {node: '>=18'}
    cpu: [x64]
    os: [openbsd]

  '@esbuild/sunos-x64@0.23.1':
    resolution: {integrity: sha512-RBRT2gqEl0IKQABT4XTj78tpk9v7ehp+mazn2HbUeZl1YMdaGAQqhapjGTCe7uw7y0frDi4gS0uHzhvpFuI1sA==}
    engines: {node: '>=18'}
    cpu: [x64]
    os: [sunos]

  '@esbuild/win32-arm64@0.23.1':
    resolution: {integrity: sha512-4O+gPR5rEBe2FpKOVyiJ7wNDPA8nGzDuJ6gN4okSA1gEOYZ67N8JPk58tkWtdtPeLz7lBnY6I5L3jdsr3S+A6A==}
    engines: {node: '>=18'}
    cpu: [arm64]
    os: [win32]

  '@esbuild/win32-ia32@0.23.1':
    resolution: {integrity: sha512-BcaL0Vn6QwCwre3Y717nVHZbAa4UBEigzFm6VdsVdT/MbZ38xoj1X9HPkZhbmaBGUD1W8vxAfffbDe8bA6AKnQ==}
    engines: {node: '>=18'}
    cpu: [ia32]
    os: [win32]

  '@esbuild/win32-x64@0.23.1':
    resolution: {integrity: sha512-BHpFFeslkWrXWyUPnbKm+xYYVYruCinGcftSBaa8zoF9hZO4BcSCFUvHVTtzpIY6YzUnYtuEhZ+C9iEXjxnasg==}
    engines: {node: '>=18'}
    cpu: [x64]
    os: [win32]

  '@types/node@22.7.6':
    resolution: {integrity: sha512-/d7Rnj0/ExXDMcioS78/kf1lMzYk4BZV8MZGTBKzTGZ6/406ukkbYlIsZmMPhcR5KlkunDHQLrtAVmSq7r+mSw==}

  esbuild@0.23.1:
    resolution: {integrity: sha512-VVNz/9Sa0bs5SELtn3f7qhJCDPCF5oMEl5cO9/SSinpE9hbPVvxbd572HH5AKiP7WD8INO53GgfDDhRjkylHEg==}
    engines: {node: '>=18'}
    hasBin: true

  fsevents@2.3.2:
    resolution: {integrity: sha512-xiqMQR4xAeHTuB9uWm+fFRcIOgKBMiOBP+eXiyT7jsgVCq1bkVygt00oASowB7EdtpOHaaPgKt812P9ab+DDKA==}
    engines: {node: ^8.16.0 || ^10.6.0 || >=11.0.0}
    os: [darwin]

  fsevents@2.3.3:
    resolution: {integrity: sha512-5xoDfX+fL7faATnagmWPpbFtwh/R77WmMMqqHGS65C3vvB0YHrgF+B1YmZ3441tMj5n63k0212XNoJwzlhffQw==}
    engines: {node: ^8.16.0 || ^10.6.0 || >=11.0.0}
    os: [darwin]

  get-tsconfig@4.8.1:
    resolution: {integrity: sha512-k9PN+cFBmaLWtVz29SkUoqU5O0slLuHJXt/2P+tMVFT+phsSGXGkp9t3rQIqdz0e+06EHNGs3oM6ZX1s2zHxRg==}

  meow@13.2.0:
    resolution: {integrity: sha512-pxQJQzB6djGPXh08dacEloMFopsOqGVRKFPYvPOt9XDZ1HasbgDZA74CJGreSU4G3Ak7EFJGoiH2auq+yXISgA==}
    engines: {node: '>=18'}

  p-limit@6.1.0:
    resolution: {integrity: sha512-H0jc0q1vOzlEk0TqAKXKZxdl7kX3OFUzCnNVUnq5Pc3DGo0kpeaMuPqxQn235HibwBEb0/pm9dgKTjXy66fBkg==}
    engines: {node: '>=18'}

  playwright-core@1.47.0:
    resolution: {integrity: sha512-1DyHT8OqkcfCkYUD9zzUTfg7EfTd+6a8MkD/NWOvjo0u/SCNd5YmY/lJwFvUZOxJbWNds+ei7ic2+R/cRz/PDg==}
    engines: {node: '>=18'}
    hasBin: true

  playwright@1.47.0:
    resolution: {integrity: sha512-jOWiRq2pdNAX/mwLiwFYnPHpEZ4rM+fRSQpRHwEwZlP2PUANvL3+aJOF/bvISMhFD30rqMxUB4RJx9aQbfh4Ww==}
    engines: {node: '>=18'}
    hasBin: true

  resolve-pkg-maps@1.0.0:
    resolution: {integrity: sha512-seS2Tj26TBVOC2NIc2rOe2y2ZO7efxITtLZcGSOnHHNOQ7CkiUBfw0Iw2ck6xkIhPwLhKNLS8BO+hEpngQlqzw==}

  toml@3.0.0:
    resolution: {integrity: sha512-y/mWCZinnvxjTKYhJ+pYxwD0mRLVvOtdS2Awbgxln6iEnt4rk0yBxeSBHkGJcPucRiG0e55mwWp+g/05rsrd6w==}

  tsx@4.19.1:
    resolution: {integrity: sha512-0flMz1lh74BR4wOvBjuh9olbnwqCPc35OOlfyzHba0Dc+QNUeWX/Gq2YTbnwcWPO3BMd8fkzRVrHcsR+a7z7rA==}
    engines: {node: '>=18.0.0'}
    hasBin: true

  undici-types@6.19.8:
    resolution: {integrity: sha512-ve2KP6f/JnbPBFyobGHuerC9g1FYGn/F8n1LWTwNxCEzd6IfqTwUQcNXgEtmmQ6DlRrC1hrSrBnCZPokRrDHjw==}

  yocto-queue@1.1.1:
    resolution: {integrity: sha512-b4JR1PFR10y1mKjhHY9LaGo6tmrgjit7hxVIeAmyMw3jegXR4dhYqLaQF5zMXZxY7tLpMyJeLjr1C4rLmkVe8g==}
    engines: {node: '>=12.20'}

snapshots:

  '@esbuild/aix-ppc64@0.23.1':
    optional: true

  '@esbuild/android-arm64@0.23.1':
    optional: true

  '@esbuild/android-arm@0.23.1':
    optional: true

  '@esbuild/android-x64@0.23.1':
    optional: true

  '@esbuild/darwin-arm64@0.23.1':
    optional: true

  '@esbuild/darwin-x64@0.23.1':
    optional: true

  '@esbuild/freebsd-arm64@0.23.1':
    optional: true

  '@esbuild/freebsd-x64@0.23.1':
    optional: true

  '@esbuild/linux-arm64@0.23.1':
    optional: true

  '@esbuild/linux-arm@0.23.1':
    optional: true

  '@esbuild/linux-ia32@0.23.1':
    optional: true

  '@esbuild/linux-loong64@0.23.1':
    optional: true

  '@esbuild/linux-mips64el@0.23.1':
    optional: true

  '@esbuild/linux-ppc64@0.23.1':
    optional: true

  '@esbuild/linux-riscv64@0.23.1':
    optional: true

  '@esbuild/linux-s390x@0.23.1':
    optional: true

  '@esbuild/linux-x64@0.23.1':
    optional: true

  '@esbuild/netbsd-x64@0.23.1':
    optional: true

  '@esbuild/openbsd-arm64@0.23.1':
    optional: true

  '@esbuild/openbsd-x64@0.23.1':
    optional: true

  '@esbuild/sunos-x64@0.23.1':
    optional: true

  '@esbuild/win32-arm64@0.23.1':
    optional: true

  '@esbuild/win32-ia32@0.23.1':
    optional: true

  '@esbuild/win32-x64@0.23.1':
    optional: true

  '@types/node@22.7.6':
    dependencies:
      undici-types: 6.19.8

  esbuild@0.23.1:
    optionalDependencies:
      '@esbuild/aix-ppc64': 0.23.1
      '@esbuild/android-arm': 0.23.1
      '@esbuild/android-arm64': 0.23.1
      '@esbuild/android-x64': 0.23.1
      '@esbuild/darwin-arm64': 0.23.1
      '@esbuild/darwin-x64': 0.23.1
      '@esbuild/freebsd-arm64': 0.23.1
      '@esbuild/freebsd-x64': 0.23.1
      '@esbuild/linux-arm': 0.23.1
      '@esbuild/linux-arm64': 0.23.1
      '@esbuild/linux-ia32': 0.23.1
      '@esbuild/linux-loong64': 0.23.1
      '@esbuild/linux-mips64el': 0.23.1
      '@esbuild/linux-ppc64': 0.23.1
      '@esbuild/linux-riscv64': 0.23.1
      '@esbuild/linux-s390x': 0.23.1
      '@esbuild/linux-x64': 0.23.1
      '@esbuild/netbsd-x64': 0.23.1
      '@esbuild/openbsd-arm64': 0.23.1
      '@esbuild/openbsd-x64': 0.23.1
      '@esbuild/sunos-x64': 0.23.1
      '@esbuild/win32-arm64': 0.23.1
      '@esbuild/win32-ia32': 0.23.1
      '@esbuild/win32-x64': 0.23.1

  fsevents@2.3.2:
    optional: true

  fsevents@2.3.3:
    optional: true

  get-tsconfig@4.8.1:
    dependencies:
      resolve-pkg-maps: 1.0.0

  meow@13.2.0: {}

  p-limit@6.1.0:
    dependencies:
      yocto-queue: 1.1.1

  playwright-core@1.47.0: {}

  playwright@1.47.0:
    dependencies:
      playwright-core: 1.47.0
    optionalDependencies:
      fsevents: 2.3.2

  resolve-pkg-maps@1.0.0: {}

  toml@3.0.0: {}

  tsx@4.19.1:
    dependencies:
      esbuild: 0.23.1
      get-tsconfig: 4.8.1
    optionalDependencies:
      fsevents: 2.3.3

  undici-types@6.19.8: {}

  yocto-queue@1.1.1: {}
